
Microsoft Visual Studio Solution File, Format Version 12.00
# Visual Studio Version 17
VisualStudioVersion = 17.5.33516.290
MinimumVisualStudioVersion = 10.0.40219.1
Project("{9A19103F-16F7-4668-BE54-9A1E7A4F7556}") = "KonyvtarWEBAPI", "Konyvtar.WEBAPI\KonyvtarWEBAPI.csproj", "{D95B4094-AF7C-44C9-9B34-24C888EAB440}"
EndProject
Project("{9A19103F-16F7-4668-BE54-9A1E7A4F7556}") = "KonyvtarLibrarian", "Konyvtar.Konyvtaros\KonyvtarLibrarian.csproj", "{79A22174-0FF3-4F86-8856-5F66BB74ADA4}"
EndProject
Project("{9A19103F-16F7-4668-BE54-9A1E7A4F7556}") = "KonyvtarClient", "Konyvtar.Client\KonyvtarClient.csproj", "{15155963-74AF-40E6-B4E2-42707CBAEB97}"
EndProject
Project("{9A19103F-16F7-4668-BE54-9A1E7A4F7556}") = "WebApi_Common", "..\LibraryApp-master\WebApi_Common\WebApi_Common.csproj", "{A38A3175-DF9A-4B25-AE99-4128F0F031DD}"
EndProject
Global
	GlobalSection(SolutionConfigurationPlatforms) = preSolution
		Debug|Any CPU = Debug|Any CPU
		Release|Any CPU = Release|Any CPU
	EndGlobalSection
	GlobalSection(ProjectConfigurationPlatforms) = postSolution
		{D95B4094-AF7C-44C9-9B34-24C888EAB440}.Debug|Any CPU.ActiveCfg = Debug|Any CPU
		{D95B4094-AF7C-44C9-9B34-24C888EAB440}.Debug|Any CPU.Build.0 = Debug|Any CPU
		{D95B4094-AF7C-44C9-9B34-24C888EAB440}.Release|Any CPU.ActiveCfg = Release|Any CPU
		{D95B4094-AF7C-44C9-9B34-24C888EAB440}.Release|Any CPU.Build.0 = Release|Any CPU
		{79A22174-0FF3-4F86-8856-5F66BB74ADA4}.Debug|Any CPU.ActiveCfg = Debug|Any CPU
		{79A22174-0FF3-4F86-8856-5F66BB74ADA4}.Debug|Any CPU.Build.0 = Debug|Any CPU
		{79A22174-0FF3-4F86-8856-5F66BB74ADA4}.Release|Any CPU.ActiveCfg = Release|Any CPU
		{79A22174-0FF3-4F86-8856-5F66BB74ADA4}.Release|Any CPU.Build.0 = Release|Any CPU
		{15155963-74AF-40E6-B4E2-42707CBAEB97}.Debug|Any CPU.ActiveCfg = Debug|Any CPU
		{15155963-74AF-40E6-B4E2-42707CBAEB97}.Debug|Any CPU.Build.0 = Debug|Any CPU
		{15155963-74AF-40E6-B4E2-42707CBAEB97}.Release|Any CPU.ActiveCfg = Release|Any CPU
		{15155963-74AF-40E6-B4E2-42707CBAEB97}.Release|Any CPU.Build.0 = Release|Any CPU
		{A38A3175-DF9A-4B25-AE99-4128F0F031DD}.Debug|Any CPU.ActiveCfg = Debug|Any CPU
		{A38A3175-DF9A-4B25-AE99-4128F0F031DD}.Debug|Any CPU.Build.0 = Debug|Any CPU
		{A38A3175-DF9A-4B25-AE99-4128F0F031DD}.Release|Any CPU.ActiveCfg = Release|Any CPU
		{A38A3175-DF9A-4B25-AE99-4128F0F031DD}.Release|Any CPU.Build.0 = Release|Any CPU
	EndGlobalSection
	GlobalSection(SolutionProperties) = preSolution
		HideSolutionNode = FALSE
	EndGlobalSection
	GlobalSection(ExtensibilityGlobals) = postSolution
		SolutionGuid = {A4BFA490-DABF-4FBA-8B68-DAAB459072B2}
	EndGlobalSection
EndGlobal
