
Microsoft Visual Studio Solution File, Format Version 12.00
# Visual Studio Version 17
VisualStudioVersion = 17.5.33516.290
MinimumVisualStudioVersion = 10.0.40219.1
Project("{9A19103F-16F7-4668-BE54-9A1E7A4F7556}") = "Konyvtar.WEBAPI", "Konyvtar.WEBAPI\Konyvtar.WEBAPI.csproj", "{D95B4094-AF7C-44C9-9B34-24C888EAB440}"
	ProjectSection(ProjectDependencies) = postProject
		{0E092ED5-CCD8-4961-8047-4DAE6C0F14E1} = {0E092ED5-CCD8-4961-8047-4DAE6C0F14E1}
	EndProjectSection
EndProject
Project("{9A19103F-16F7-4668-BE54-9A1E7A4F7556}") = "Konyvtar.Client", "Konyvtar.Client\Konyvtar.Client.csproj", "{15155963-74AF-40E6-B4E2-42707CBAEB97}"
EndProject
Project("{9A19103F-16F7-4668-BE54-9A1E7A4F7556}") = "Konyvtar.Contracts", "Konyvtar.Contracts\Konyvtar.Contracts.csproj", "{0E092ED5-CCD8-4961-8047-4DAE6C0F14E1}"
EndProject
Project("{9A19103F-16F7-4668-BE54-9A1E7A4F7556}") = "Konyvtar.Librarian", "Konyvtar.Librarian\Konyvtar.Librarian.csproj", "{7DA52960-1097-459F-AA3E-D3142F2FDE05}"
EndProject
Global
	GlobalSection(SolutionConfigurationPlatforms) = preSolution
		Debug|Any CPU = Debug|Any CPU
		Release|Any CPU = Release|Any CPU
	EndGlobalSection
	GlobalSection(ProjectConfigurationPlatforms) = postSolution
		{D95B4094-AF7C-44C9-9B34-24C888EAB440}.Debug|Any CPU.ActiveCfg = Debug|Any CPU
		{D95B4094-AF7C-44C9-9B34-24C888EAB440}.Debug|Any CPU.Build.0 = Debug|Any CPU
		{D95B4094-AF7C-44C9-9B34-24C888EAB440}.Release|Any CPU.ActiveCfg = Release|Any CPU
		{D95B4094-AF7C-44C9-9B34-24C888EAB440}.Release|Any CPU.Build.0 = Release|Any CPU
		{15155963-74AF-40E6-B4E2-42707CBAEB97}.Debug|Any CPU.ActiveCfg = Debug|Any CPU
		{15155963-74AF-40E6-B4E2-42707CBAEB97}.Debug|Any CPU.Build.0 = Debug|Any CPU
		{15155963-74AF-40E6-B4E2-42707CBAEB97}.Release|Any CPU.ActiveCfg = Release|Any CPU
		{15155963-74AF-40E6-B4E2-42707CBAEB97}.Release|Any CPU.Build.0 = Release|Any CPU
		{0E092ED5-CCD8-4961-8047-4DAE6C0F14E1}.Debug|Any CPU.ActiveCfg = Debug|Any CPU
		{0E092ED5-CCD8-4961-8047-4DAE6C0F14E1}.Debug|Any CPU.Build.0 = Debug|Any CPU
		{0E092ED5-CCD8-4961-8047-4DAE6C0F14E1}.Release|Any CPU.ActiveCfg = Release|Any CPU
		{0E092ED5-CCD8-4961-8047-4DAE6C0F14E1}.Release|Any CPU.Build.0 = Release|Any CPU
		{7DA52960-1097-459F-AA3E-D3142F2FDE05}.Debug|Any CPU.ActiveCfg = Debug|Any CPU
		{7DA52960-1097-459F-AA3E-D3142F2FDE05}.Debug|Any CPU.Build.0 = Debug|Any CPU
		{7DA52960-1097-459F-AA3E-D3142F2FDE05}.Release|Any CPU.ActiveCfg = Release|Any CPU
		{7DA52960-1097-459F-AA3E-D3142F2FDE05}.Release|Any CPU.Build.0 = Release|Any CPU
	EndGlobalSection
	GlobalSection(SolutionProperties) = preSolution
		HideSolutionNode = FALSE
	EndGlobalSection
	GlobalSection(ExtensibilityGlobals) = postSolution
		SolutionGuid = {A4BFA490-DABF-4FBA-8B68-DAAB459072B2}
	EndGlobalSection
EndGlobal
