
Microsoft Visual Studio Solution File, Format Version 12.00
# Visual Studio Version 17
VisualStudioVersion = 17.5.33516.290
MinimumVisualStudioVersion = 10.0.40219.1
Project("{9A19103F-16F7-4668-BE54-9A1E7A4F7556}") = "Konyvtar.Client", "Konyvtar\Client\Konyvtar.Client.csproj", "{BD840B01-A700-436B-8B1F-90E663ABE6D0}"
EndProject
Project("{FAE04EC0-301F-11D3-BF4B-00C04F79EFBC}") = "Konyvtar.WEBAPI", "Konyvtar.WEBAPI\Konyvtar.WEBAPI.csproj", "{D95B4094-AF7C-44C9-9B34-24C888EAB440}"
EndProject
Global
	GlobalSection(SolutionConfigurationPlatforms) = preSolution
		Debug|Any CPU = Debug|Any CPU
		Release|Any CPU = Release|Any CPU
	EndGlobalSection
	GlobalSection(ProjectConfigurationPlatforms) = postSolution
		{BD840B01-A700-436B-8B1F-90E663ABE6D0}.Debug|Any CPU.ActiveCfg = Debug|Any CPU
		{BD840B01-A700-436B-8B1F-90E663ABE6D0}.Debug|Any CPU.Build.0 = Debug|Any CPU
		{BD840B01-A700-436B-8B1F-90E663ABE6D0}.Release|Any CPU.ActiveCfg = Release|Any CPU
		{BD840B01-A700-436B-8B1F-90E663ABE6D0}.Release|Any CPU.Build.0 = Release|Any CPU
		{D95B4094-AF7C-44C9-9B34-24C888EAB440}.Debug|Any CPU.ActiveCfg = Debug|Any CPU
		{D95B4094-AF7C-44C9-9B34-24C888EAB440}.Debug|Any CPU.Build.0 = Debug|Any CPU
		{D95B4094-AF7C-44C9-9B34-24C888EAB440}.Release|Any CPU.ActiveCfg = Release|Any CPU
		{D95B4094-AF7C-44C9-9B34-24C888EAB440}.Release|Any CPU.Build.0 = Release|Any CPU
	EndGlobalSection
	GlobalSection(SolutionProperties) = preSolution
		HideSolutionNode = FALSE
	EndGlobalSection
	GlobalSection(ExtensibilityGlobals) = postSolution
		SolutionGuid = {A4BFA490-DABF-4FBA-8B68-DAAB459072B2}
	EndGlobalSection
EndGlobal
